
Microsoft Visual Studio Solution File, Format Version 12.00
# Visual Studio 15
VisualStudioVersion = 15.0.28307.136
MinimumVisualStudioVersion = 10.0.40219.1
Project("{888888A0-9F3D-457C-B088-3A5042F75D52}") = "Recorder", "Recorder.pyproj", "{A975207F-0B9F-4F3F-A1CC-D3995DB667DE}"
EndProject
Global
	GlobalSection(SolutionConfigurationPlatforms) = preSolution
		Debug|Any CPU = Debug|Any CPU
		Release|Any CPU = Release|Any CPU
	EndGlobalSection
	GlobalSection(ProjectConfigurationPlatforms) = postSolution
		{A975207F-0B9F-4F3F-A1CC-D3995DB667DE}.Debug|Any CPU.ActiveCfg = Debug|Any CPU
		{A975207F-0B9F-4F3F-A1CC-D3995DB667DE}.Release|Any CPU.ActiveCfg = Release|Any CPU
	EndGlobalSection
	GlobalSection(SolutionProperties) = preSolution
		HideSolutionNode = FALSE
	EndGlobalSection
	GlobalSection(ExtensibilityGlobals) = postSolution
		SolutionGuid = {D5EA651C-2B04-49F5-98B3-35ABC088D34D}
	EndGlobalSection
EndGlobal
